
Microsoft Visual Studio Solution File, Format Version 12.00
# Visual Studio Version 17
VisualStudioVersion = 17.12.35527.113 d17.12
MinimumVisualStudioVersion = 10.0.40219.1
Project("{FAE04EC0-301F-11D3-BF4B-00C04F79EFBC}") = "OpenApiChatbot.API", "OpenApiChatbot.API\OpenApiChatbot.API.csproj", "{AD85F756-EE89-4C86-82D5-47D68CD3D5C4}"
EndProject
Project("{FAE04EC0-301F-11D3-BF4B-00C04F79EFBC}") = "OpenApiChatbot.Contracts", "Contracts\OpenApiChatbot.Contracts.csproj", "{A94669D9-81D7-4FD4-BA94-558E70064B3E}"
EndProject
Global
	GlobalSection(SolutionConfigurationPlatforms) = preSolution
		Debug|Any CPU = Debug|Any CPU
		Release|Any CPU = Release|Any CPU
	EndGlobalSection
	GlobalSection(ProjectConfigurationPlatforms) = postSolution
		{AD85F756-EE89-4C86-82D5-47D68CD3D5C4}.Debug|Any CPU.ActiveCfg = Debug|Any CPU
		{AD85F756-EE89-4C86-82D5-47D68CD3D5C4}.Debug|Any CPU.Build.0 = Debug|Any CPU
		{AD85F756-EE89-4C86-82D5-47D68CD3D5C4}.Release|Any CPU.ActiveCfg = Release|Any CPU
		{AD85F756-EE89-4C86-82D5-47D68CD3D5C4}.Release|Any CPU.Build.0 = Release|Any CPU
		{A94669D9-81D7-4FD4-BA94-558E70064B3E}.Debug|Any CPU.ActiveCfg = Debug|Any CPU
		{A94669D9-81D7-4FD4-BA94-558E70064B3E}.Debug|Any CPU.Build.0 = Debug|Any CPU
		{A94669D9-81D7-4FD4-BA94-558E70064B3E}.Release|Any CPU.ActiveCfg = Release|Any CPU
		{A94669D9-81D7-4FD4-BA94-558E70064B3E}.Release|Any CPU.Build.0 = Release|Any CPU
	EndGlobalSection
	GlobalSection(SolutionProperties) = preSolution
		HideSolutionNode = FALSE
	EndGlobalSection
EndGlobal
